// !$*UTF8*$!
{
	archiveVersion = 1;
	classes = {
	};
	objectVersion = 50;
	objects = {

/* Begin PBXBuildFile section */
		2D6AA8032410022300107797 /* AppDelegate.swift in Sources */ = {isa = PBXBuildFile; fileRef = 2D6AA8022410022300107797 /* AppDelegate.swift */; };
		2D6AA8052410022300107797 /* SceneDelegate.swift in Sources */ = {isa = PBXBuildFile; fileRef = 2D6AA8042410022300107797 /* SceneDelegate.swift */; };
		2D6AA8072410022300107797 /* ViewController.swift in Sources */ = {isa = PBXBuildFile; fileRef = 2D6AA8062410022300107797 /* ViewController.swift */; };
		2D6AA80A2410022300107797 /* Main.storyboard in Resources */ = {isa = PBXBuildFile; fileRef = 2D6AA8082410022300107797 /* Main.storyboard */; };
		2D6AA80C2410022700107797 /* Assets.xcassets in Resources */ = {isa = PBXBuildFile; fileRef = 2D6AA80B2410022700107797 /* Assets.xcassets */; };
		2D6AA80F2410022700107797 /* LaunchScreen.storyboard in Resources */ = {isa = PBXBuildFile; fileRef = 2D6AA80D2410022700107797 /* LaunchScreen.storyboard */; };
		2D6AA81A2410022800107797 /* Standalone3Tests.swift in Sources */ = {isa = PBXBuildFile; fileRef = 2D6AA8192410022800107797 /* Standalone3Tests.swift */; };
		2D6AA8252410022800107797 /* Standalone3UITests.swift in Sources */ = {isa = PBXBuildFile; fileRef = 2D6AA8242410022800107797 /* Standalone3UITests.swift */; };
/* End PBXBuildFile section */

/* Begin PBXContainerItemProxy section */
		2D6AA8162410022800107797 /* PBXContainerItemProxy */ = {
			isa = PBXContainerItemProxy;
			containerPortal = 2D6AA7F72410022200107797 /* Project object */;
			proxyType = 1;
			remoteGlobalIDString = 2D6AA7FE2410022300107797;
			remoteInfo = Standalone3;
		};
		2D6AA8212410022800107797 /* PBXContainerItemProxy */ = {
			isa = PBXContainerItemProxy;
			containerPortal = 2D6AA7F72410022200107797 /* Project object */;
			proxyType = 1;
			remoteGlobalIDString = 2D6AA7FE2410022300107797;
			remoteInfo = Standalone3;
		};
/* End PBXContainerItemProxy section */

/* Begin PBXFileReference section */
		2D6AA7FF2410022300107797 /* Standalone3.app */ = {isa = PBXFileReference; explicitFileType = wrapper.application; includeInIndex = 0; path = Standalone3.app; sourceTree = BUILT_PRODUCTS_DIR; };
		2D6AA8022410022300107797 /* AppDelegate.swift */ = {isa = PBXFileReference; lastKnownFileType = sourcecode.swift; path = AppDelegate.swift; sourceTree = "<group>"; };
		2D6AA8042410022300107797 /* SceneDelegate.swift */ = {isa = PBXFileReference; lastKnownFileType = sourcecode.swift; path = SceneDelegate.swift; sourceTree = "<group>"; };
		2D6AA8062410022300107797 /* ViewController.swift */ = {isa = PBXFileReference; lastKnownFileType = sourcecode.swift; path = ViewController.swift; sourceTree = "<group>"; };
		2D6AA8092410022300107797 /* Base */ = {isa = PBXFileReference; lastKnownFileType = file.storyboard; name = Base; path = Base.lproj/Main.storyboard; sourceTree = "<group>"; };
		2D6AA80B2410022700107797 /* Assets.xcassets */ = {isa = PBXFileReference; lastKnownFileType = folder.assetcatalog; path = Assets.xcassets; sourceTree = "<group>"; };
		2D6AA80E2410022700107797 /* Base */ = {isa = PBXFileReference; lastKnownFileType = file.storyboard; name = Base; path = Base.lproj/LaunchScreen.storyboard; sourceTree = "<group>"; };
		2D6AA8102410022700107797 /* Info.plist */ = {isa = PBXFileReference; lastKnownFileType = text.plist.xml; path = Info.plist; sourceTree = "<group>"; };
		2D6AA8152410022800107797 /* Standalone3Tests.xctest */ = {isa = PBXFileReference; explicitFileType = wrapper.cfbundle; includeInIndex = 0; path = Standalone3Tests.xctest; sourceTree = BUILT_PRODUCTS_DIR; };
		2D6AA8192410022800107797 /* Standalone3Tests.swift */ = {isa = PBXFileReference; lastKnownFileType = sourcecode.swift; path = Standalone3Tests.swift; sourceTree = "<group>"; };
		2D6AA81B2410022800107797 /* Info.plist */ = {isa = PBXFileReference; lastKnownFileType = text.plist.xml; path = Info.plist; sourceTree = "<group>"; };
		2D6AA8202410022800107797 /* Standalone3UITests.xctest */ = {isa = PBXFileReference; explicitFileType = wrapper.cfbundle; includeInIndex = 0; path = Standalone3UITests.xctest; sourceTree = BUILT_PRODUCTS_DIR; };
		2D6AA8242410022800107797 /* Standalone3UITests.swift */ = {isa = PBXFileReference; lastKnownFileType = sourcecode.swift; path = Standalone3UITests.swift; sourceTree = "<group>"; };
		2D6AA8262410022800107797 /* Info.plist */ = {isa = PBXFileReference; lastKnownFileType = text.plist.xml; path = Info.plist; sourceTree = "<group>"; };
/* End PBXFileReference section */

/* Begin PBXFrameworksBuildPhase section */
		2D6AA7FC2410022300107797 /* Frameworks */ = {
			isa = PBXFrameworksBuildPhase;
			buildActionMask = 2147483647;
			files = (
			);
			runOnlyForDeploymentPostprocessing = 0;
		};
		2D6AA8122410022800107797 /* Frameworks */ = {
			isa = PBXFrameworksBuildPhase;
			buildActionMask = 2147483647;
			files = (
			);
			runOnlyForDeploymentPostprocessing = 0;
		};
		2D6AA81D2410022800107797 /* Frameworks */ = {
			isa = PBXFrameworksBuildPhase;
			buildActionMask = 2147483647;
			files = (
			);
			runOnlyForDeploymentPostprocessing = 0;
		};
/* End PBXFrameworksBuildPhase section */

/* Begin PBXGroup section */
		2D6AA7F62410022200107797 = {
			isa = PBXGroup;
			children = (
				2D6AA8012410022300107797 /* Standalone3 */,
				2D6AA8182410022800107797 /* Standalone3Tests */,
				2D6AA8232410022800107797 /* Standalone3UITests */,
				2D6AA8002410022300107797 /* Products */,
			);
			sourceTree = "<group>";
		};
		2D6AA8002410022300107797 /* Products */ = {
			isa = PBXGroup;
			children = (
				2D6AA7FF2410022300107797 /* Standalone3.app */,
				2D6AA8152410022800107797 /* Standalone3Tests.xctest */,
				2D6AA8202410022800107797 /* Standalone3UITests.xctest */,
			);
			name = Products;
			sourceTree = "<group>";
		};
		2D6AA8012410022300107797 /* Standalone3 */ = {
			isa = PBXGroup;
			children = (
				2D6AA8022410022300107797 /* AppDelegate.swift */,
				2D6AA8042410022300107797 /* SceneDelegate.swift */,
				2D6AA8062410022300107797 /* ViewController.swift */,
				2D6AA8082410022300107797 /* Main.storyboard */,
				2D6AA80B2410022700107797 /* Assets.xcassets */,
				2D6AA80D2410022700107797 /* LaunchScreen.storyboard */,
				2D6AA8102410022700107797 /* Info.plist */,
			);
			path = Standalone3;
			sourceTree = "<group>";
		};
		2D6AA8182410022800107797 /* Standalone3Tests */ = {
			isa = PBXGroup;
			children = (
				2D6AA8192410022800107797 /* Standalone3Tests.swift */,
				2D6AA81B2410022800107797 /* Info.plist */,
			);
			path = Standalone3Tests;
			sourceTree = "<group>";
		};
		2D6AA8232410022800107797 /* Standalone3UITests */ = {
			isa = PBXGroup;
			children = (
				2D6AA8242410022800107797 /* Standalone3UITests.swift */,
				2D6AA8262410022800107797 /* Info.plist */,
			);
			path = Standalone3UITests;
			sourceTree = "<group>";
		};
/* End PBXGroup section */

/* Begin PBXNativeTarget section */
		2D6AA7FE2410022300107797 /* Standalone3 */ = {
			isa = PBXNativeTarget;
			buildConfigurationList = 2D6AA8292410022800107797 /* Build configuration list for PBXNativeTarget "Standalone3" */;
			buildPhases = (
				2D6AA7FB2410022300107797 /* Sources */,
				2D6AA7FC2410022300107797 /* Frameworks */,
				2D6AA7FD2410022300107797 /* Resources */,
			);
			buildRules = (
			);
			dependencies = (
			);
			name = Standalone3;
			productName = Standalone3;
			productReference = 2D6AA7FF2410022300107797 /* Standalone3.app */;
			productType = "com.apple.product-type.application";
		};
		2D6AA8142410022800107797 /* Standalone3Tests */ = {
			isa = PBXNativeTarget;
			buildConfigurationList = 2D6AA82C2410022800107797 /* Build configuration list for PBXNativeTarget "Standalone3Tests" */;
			buildPhases = (
				2D6AA8112410022800107797 /* Sources */,
				2D6AA8122410022800107797 /* Frameworks */,
				2D6AA8132410022800107797 /* Resources */,
			);
			buildRules = (
			);
			dependencies = (
				2D6AA8172410022800107797 /* PBXTargetDependency */,
			);
			name = Standalone3Tests;
			productName = Standalone3Tests;
			productReference = 2D6AA8152410022800107797 /* Standalone3Tests.xctest */;
			productType = "com.apple.product-type.bundle.unit-test";
		};
		2D6AA81F2410022800107797 /* Standalone3UITests */ = {
			isa = PBXNativeTarget;
			buildConfigurationList = 2D6AA82F2410022800107797 /* Build configuration list for PBXNativeTarget "Standalone3UITests" */;
			buildPhases = (
				2D6AA81C2410022800107797 /* Sources */,
				2D6AA81D2410022800107797 /* Frameworks */,
				2D6AA81E2410022800107797 /* Resources */,
			);
			buildRules = (
			);
			dependencies = (
				2D6AA8222410022800107797 /* PBXTargetDependency */,
			);
			name = Standalone3UITests;
			productName = Standalone3UITests;
			productReference = 2D6AA8202410022800107797 /* Standalone3UITests.xctest */;
			productType = "com.apple.product-type.bundle.ui-testing";
		};
/* End PBXNativeTarget section */

/* Begin PBXProject section */
		2D6AA7F72410022200107797 /* Project object */ = {
			isa = PBXProject;
			attributes = {
				LastSwiftUpdateCheck = 1120;
				LastUpgradeCheck = 1120;
				ORGANIZATIONNAME = itsector;
				TargetAttributes = {
					2D6AA7FE2410022300107797 = {
						CreatedOnToolsVersion = 11.2.1;
					};
					2D6AA8142410022800107797 = {
						CreatedOnToolsVersion = 11.2.1;
						TestTargetID = 2D6AA7FE2410022300107797;
					};
					2D6AA81F2410022800107797 = {
						CreatedOnToolsVersion = 11.2.1;
						TestTargetID = 2D6AA7FE2410022300107797;
					};
				};
			};
			buildConfigurationList = 2D6AA7FA2410022200107797 /* Build configuration list for PBXProject "Standalone3" */;
			compatibilityVersion = "Xcode 9.3";
			developmentRegion = en;
			hasScannedForEncodings = 0;
			knownRegions = (
				en,
				Base,
			);
			mainGroup = 2D6AA7F62410022200107797;
			productRefGroup = 2D6AA8002410022300107797 /* Products */;
			projectDirPath = "";
			projectRoot = "";
			targets = (
				2D6AA7FE2410022300107797 /* Standalone3 */,
				2D6AA8142410022800107797 /* Standalone3Tests */,
				2D6AA81F2410022800107797 /* Standalone3UITests */,
			);
		};
/* End PBXProject section */

/* Begin PBXResourcesBuildPhase section */
		2D6AA7FD2410022300107797 /* Resources */ = {
			isa = PBXResourcesBuildPhase;
			buildActionMask = 2147483647;
			files = (
				2D6AA80F2410022700107797 /* LaunchScreen.storyboard in Resources */,
				2D6AA80C2410022700107797 /* Assets.xcassets in Resources */,
				2D6AA80A2410022300107797 /* Main.storyboard in Resources */,
			);
			runOnlyForDeploymentPostprocessing = 0;
		};
		2D6AA8132410022800107797 /* Resources */ = {
			isa = PBXResourcesBuildPhase;
			buildActionMask = 2147483647;
			files = (
			);
			runOnlyForDeploymentPostprocessing = 0;
		};
		2D6AA81E2410022800107797 /* Resources */ = {
			isa = PBXResourcesBuildPhase;
			buildActionMask = 2147483647;
			files = (
			);
			runOnlyForDeploymentPostprocessing = 0;
		};
/* End PBXResourcesBuildPhase section */

/* Begin PBXSourcesBuildPhase section */
		2D6AA7FB2410022300107797 /* Sources */ = {
			isa = PBXSourcesBuildPhase;
			buildActionMask = 2147483647;
			files = (
				2D6AA8072410022300107797 /* ViewController.swift in Sources */,
				2D6AA8032410022300107797 /* AppDelegate.swift in Sources */,
				2D6AA8052410022300107797 /* SceneDelegate.swift in Sources */,
			);
			runOnlyForDeploymentPostprocessing = 0;
		};
		2D6AA8112410022800107797 /* Sources */ = {
			isa = PBXSourcesBuildPhase;
			buildActionMask = 2147483647;
			files = (
				2D6AA81A2410022800107797 /* Standalone3Tests.swift in Sources */,
			);
			runOnlyForDeploymentPostprocessing = 0;
		};
		2D6AA81C2410022800107797 /* Sources */ = {
			isa = PBXSourcesBuildPhase;
			buildActionMask = 2147483647;
			files = (
				2D6AA8252410022800107797 /* Standalone3UITests.swift in Sources */,
			);
			runOnlyForDeploymentPostprocessing = 0;
		};
/* End PBXSourcesBuildPhase section */

/* Begin PBXTargetDependency section */
		2D6AA8172410022800107797 /* PBXTargetDependency */ = {
			isa = PBXTargetDependency;
			target = 2D6AA7FE2410022300107797 /* Standalone3 */;
			targetProxy = 2D6AA8162410022800107797 /* PBXContainerItemProxy */;
		};
		2D6AA8222410022800107797 /* PBXTargetDependency */ = {
			isa = PBXTargetDependency;
			target = 2D6AA7FE2410022300107797 /* Standalone3 */;
			targetProxy = 2D6AA8212410022800107797 /* PBXContainerItemProxy */;
		};
/* End PBXTargetDependency section */

/* Begin PBXVariantGroup section */
		2D6AA8082410022300107797 /* Main.storyboard */ = {
			isa = PBXVariantGroup;
			children = (
				2D6AA8092410022300107797 /* Base */,
			);
			name = Main.storyboard;
			sourceTree = "<group>";
		};
		2D6AA80D2410022700107797 /* LaunchScreen.storyboard */ = {
			isa = PBXVariantGroup;
			children = (
				2D6AA80E2410022700107797 /* Base */,
			);
			name = LaunchScreen.storyboard;
			sourceTree = "<group>";
		};
/* End PBXVariantGroup section */

/* Begin XCBuildConfiguration section */
		2D6AA8272410022800107797 /* Debug */ = {
			isa = XCBuildConfiguration;
			buildSettings = {
				ALWAYS_SEARCH_USER_PATHS = NO;
				CLANG_ANALYZER_NONNULL = YES;
				CLANG_ANALYZER_NUMBER_OBJECT_CONVERSION = YES_AGGRESSIVE;
				CLANG_CXX_LANGUAGE_STANDARD = "gnu++14";
				CLANG_CXX_LIBRARY = "libc++";
				CLANG_ENABLE_MODULES = YES;
				CLANG_ENABLE_OBJC_ARC = YES;
				CLANG_ENABLE_OBJC_WEAK = YES;
				CLANG_WARN_BLOCK_CAPTURE_AUTORELEASING = YES;
				CLANG_WARN_BOOL_CONVERSION = YES;
				CLANG_WARN_COMMA = YES;
				CLANG_WARN_CONSTANT_CONVERSION = YES;
				CLANG_WARN_DEPRECATED_OBJC_IMPLEMENTATIONS = YES;
				CLANG_WARN_DIRECT_OBJC_ISA_USAGE = YES_ERROR;
				CLANG_WARN_DOCUMENTATION_COMMENTS = YES;
				CLANG_WARN_EMPTY_BODY = YES;
				CLANG_WARN_ENUM_CONVERSION = YES;
				CLANG_WARN_INFINITE_RECURSION = YES;
				CLANG_WARN_INT_CONVERSION = YES;
				CLANG_WARN_NON_LITERAL_NULL_CONVERSION = YES;
				CLANG_WARN_OBJC_IMPLICIT_RETAIN_SELF = YES;
				CLANG_WARN_OBJC_LITERAL_CONVERSION = YES;
				CLANG_WARN_OBJC_ROOT_CLASS = YES_ERROR;
				CLANG_WARN_RANGE_LOOP_ANALYSIS = YES;
				CLANG_WARN_STRICT_PROTOTYPES = YES;
				CLANG_WARN_SUSPICIOUS_MOVE = YES;
				CLANG_WARN_UNGUARDED_AVAILABILITY = YES_AGGRESSIVE;
				CLANG_WARN_UNREACHABLE_CODE = YES;
				CLANG_WARN__DUPLICATE_METHOD_MATCH = YES;
				COPY_PHASE_STRIP = NO;
				DEBUG_INFORMATION_FORMAT = dwarf;
				ENABLE_STRICT_OBJC_MSGSEND = YES;
				ENABLE_TESTABILITY = YES;
				GCC_C_LANGUAGE_STANDARD = gnu11;
				GCC_DYNAMIC_NO_PIC = NO;
				GCC_NO_COMMON_BLOCKS = YES;
				GCC_OPTIMIZATION_LEVEL = 0;
				GCC_PREPROCESSOR_DEFINITIONS = (
					"DEBUG=1",
					"$(inherited)",
				);
				GCC_WARN_64_TO_32_BIT_CONVERSION = YES;
				GCC_WARN_ABOUT_RETURN_TYPE = YES_ERROR;
				GCC_WARN_UNDECLARED_SELECTOR = YES;
				GCC_WARN_UNINITIALIZED_AUTOS = YES_AGGRESSIVE;
				GCC_WARN_UNUSED_FUNCTION = YES;
				GCC_WARN_UNUSED_VARIABLE = YES;
				IPHONEOS_DEPLOYMENT_TARGET = 13.2;
				MTL_ENABLE_DEBUG_INFO = INCLUDE_SOURCE;
				MTL_FAST_MATH = YES;
				ONLY_ACTIVE_ARCH = YES;
				SDKROOT = iphoneos;
				SWIFT_ACTIVE_COMPILATION_CONDITIONS = DEBUG;
				SWIFT_OPTIMIZATION_LEVEL = "-Onone";
			};
			name = Debug;
		};
		2D6AA8282410022800107797 /* Release */ = {
			isa = XCBuildConfiguration;
			buildSettings = {
				ALWAYS_SEARCH_USER_PATHS = NO;
				CLANG_ANALYZER_NONNULL = YES;
				CLANG_ANALYZER_NUMBER_OBJECT_CONVERSION = YES_AGGRESSIVE;
				CLANG_CXX_LANGUAGE_STANDARD = "gnu++14";
				CLANG_CXX_LIBRARY = "libc++";
				CLANG_ENABLE_MODULES = YES;
				CLANG_ENABLE_OBJC_ARC = YES;
				CLANG_ENABLE_OBJC_WEAK = YES;
				CLANG_WARN_BLOCK_CAPTURE_AUTORELEASING = YES;
				CLANG_WARN_BOOL_CONVERSION = YES;
				CLANG_WARN_COMMA = YES;
				CLANG_WARN_CONSTANT_CONVERSION = YES;
				CLANG_WARN_DEPRECATED_OBJC_IMPLEMENTATIONS = YES;
				CLANG_WARN_DIRECT_OBJC_ISA_USAGE = YES_ERROR;
				CLANG_WARN_DOCUMENTATION_COMMENTS = YES;
				CLANG_WARN_EMPTY_BODY = YES;
				CLANG_WARN_ENUM_CONVERSION = YES;
				CLANG_WARN_INFINITE_RECURSION = YES;
				CLANG_WARN_INT_CONVERSION = YES;
				CLANG_WARN_NON_LITERAL_NULL_CONVERSION = YES;
				CLANG_WARN_OBJC_IMPLICIT_RETAIN_SELF = YES;
				CLANG_WARN_OBJC_LITERAL_CONVERSION = YES;
				CLANG_WARN_OBJC_ROOT_CLASS = YES_ERROR;
				CLANG_WARN_RANGE_LOOP_ANALYSIS = YES;
				CLANG_WARN_STRICT_PROTOTYPES = YES;
				CLANG_WARN_SUSPICIOUS_MOVE = YES;
				CLANG_WARN_UNGUARDED_AVAILABILITY = YES_AGGRESSIVE;
				CLANG_WARN_UNREACHABLE_CODE = YES;
				CLANG_WARN__DUPLICATE_METHOD_MATCH = YES;
				COPY_PHASE_STRIP = NO;
				DEBUG_INFORMATION_FORMAT = "dwarf-with-dsym";
				ENABLE_NS_ASSERTIONS = NO;
				ENABLE_STRICT_OBJC_MSGSEND = YES;
				GCC_C_LANGUAGE_STANDARD = gnu11;
				GCC_NO_COMMON_BLOCKS = YES;
				GCC_WARN_64_TO_32_BIT_CONVERSION = YES;
				GCC_WARN_ABOUT_RETURN_TYPE = YES_ERROR;
				GCC_WARN_UNDECLARED_SELECTOR = YES;
				GCC_WARN_UNINITIALIZED_AUTOS = YES_AGGRESSIVE;
				GCC_WARN_UNUSED_FUNCTION = YES;
				GCC_WARN_UNUSED_VARIABLE = YES;
				IPHONEOS_DEPLOYMENT_TARGET = 13.2;
				MTL_ENABLE_DEBUG_INFO = NO;
				MTL_FAST_MATH = YES;
				SDKROOT = iphoneos;
				SWIFT_COMPILATION_MODE = wholemodule;
				SWIFT_OPTIMIZATION_LEVEL = "-O";
				VALIDATE_PRODUCT = YES;
			};
			name = Release;
		};
		2D6AA82A2410022800107797 /* Debug */ = {
			isa = XCBuildConfiguration;
			buildSettings = {
				ASSETCATALOG_COMPILER_APPICON_NAME = AppIcon;
				CODE_SIGN_STYLE = Automatic;
				DEVELOPMENT_TEAM = 24AFW8VA6N;
				INFOPLIST_FILE = Standalone3/Info.plist;
				LD_RUNPATH_SEARCH_PATHS = (
					"$(inherited)",
					"@executable_path/Frameworks",
				);
				PRODUCT_BUNDLE_IDENTIFIER = ITSector.Standalone3;
				PRODUCT_NAME = "$(TARGET_NAME)";
				SWIFT_VERSION = 5.0;
				TARGETED_DEVICE_FAMILY = "1,2";
			};
			name = Debug;
		};
		2D6AA82B2410022800107797 /* Release */ = {
			isa = XCBuildConfiguration;
			buildSettings = {
				ASSETCATALOG_COMPILER_APPICON_NAME = AppIcon;
				CODE_SIGN_STYLE = Automatic;
				DEVELOPMENT_TEAM = 24AFW8VA6N;
				INFOPLIST_FILE = Standalone3/Info.plist;
				LD_RUNPATH_SEARCH_PATHS = (
					"$(inherited)",
					"@executable_path/Frameworks",
				);
				PRODUCT_BUNDLE_IDENTIFIER = ITSector.Standalone3;
				PRODUCT_NAME = "$(TARGET_NAME)";
				SWIFT_VERSION = 5.0;
				TARGETED_DEVICE_FAMILY = "1,2";
			};
			name = Release;
		};
		2D6AA82D2410022800107797 /* Debug */ = {
			isa = XCBuildConfiguration;
			buildSettings = {
				ALWAYS_EMBED_SWIFT_STANDARD_LIBRARIES = YES;
				BUNDLE_LOADER = "$(TEST_HOST)";
				CODE_SIGN_STYLE = Automatic;
				DEVELOPMENT_TEAM = 24AFW8VA6N;
				INFOPLIST_FILE = Standalone3Tests/Info.plist;
				IPHONEOS_DEPLOYMENT_TARGET = 13.2;
				LD_RUNPATH_SEARCH_PATHS = (
					"$(inherited)",
					"@executable_path/Frameworks",
					"@loader_path/Frameworks",
				);
				PRODUCT_BUNDLE_IDENTIFIER = ITSector.Standalone3Tests;
				PRODUCT_NAME = "$(TARGET_NAME)";
				SWIFT_VERSION = 5.0;
				TARGETED_DEVICE_FAMILY = "1,2";
				TEST_HOST = "$(BUILT_PRODUCTS_DIR)/Standalone3.app/Standalone3";
			};
			name = Debug;
		};
		2D6AA82E2410022800107797 /* Release */ = {
			isa = XCBuildConfiguration;
			buildSettings = {
				ALWAYS_EMBED_SWIFT_STANDARD_LIBRARIES = YES;
				BUNDLE_LOADER = "$(TEST_HOST)";
				CODE_SIGN_STYLE = Automatic;
				DEVELOPMENT_TEAM = 24AFW8VA6N;
				INFOPLIST_FILE = Standalone3Tests/Info.plist;
				IPHONEOS_DEPLOYMENT_TARGET = 13.2;
				LD_RUNPATH_SEARCH_PATHS = (
					"$(inherited)",
					"@executable_path/Frameworks",
					"@loader_path/Frameworks",
				);
				PRODUCT_BUNDLE_IDENTIFIER = ITSector.Standalone3Tests;
				PRODUCT_NAME = "$(TARGET_NAME)";
				SWIFT_VERSION = 5.0;
				TARGETED_DEVICE_FAMILY = "1,2";
				TEST_HOST = "$(BUILT_PRODUCTS_DIR)/Standalone3.app/Standalone3";
			};
			name = Release;
		};
		2D6AA8302410022800107797 /* Debug */ = {
			isa = XCBuildConfiguration;
			buildSettings = {
				ALWAYS_EMBED_SWIFT_STANDARD_LIBRARIES = YES;
				CODE_SIGN_STYLE = Automatic;
				DEVELOPMENT_TEAM = 24AFW8VA6N;
				INFOPLIST_FILE = Standalone3UITests/Info.plist;
				LD_RUNPATH_SEARCH_PATHS = (
					"$(inherited)",
					"@executable_path/Frameworks",
					"@loader_path/Frameworks",
				);
				PRODUCT_BUNDLE_IDENTIFIER = ITSector.Standalone3UITests;
				PRODUCT_NAME = "$(TARGET_NAME)";
				SWIFT_VERSION = 5.0;
				TARGETED_DEVICE_FAMILY = "1,2";
				TEST_TARGET_NAME = Standalone3;
			};
			name = Debug;
		};
		2D6AA8312410022800107797 /* Release */ = {
			isa = XCBuildConfiguration;
			buildSettings = {
				ALWAYS_EMBED_SWIFT_STANDARD_LIBRARIES = YES;
				CODE_SIGN_STYLE = Automatic;
				DEVELOPMENT_TEAM = 24AFW8VA6N;
				INFOPLIST_FILE = Standalone3UITests/Info.plist;
				LD_RUNPATH_SEARCH_PATHS = (
					"$(inherited)",
					"@executable_path/Frameworks",
					"@loader_path/Frameworks",
				);
				PRODUCT_BUNDLE_IDENTIFIER = ITSector.Standalone3UITests;
				PRODUCT_NAME = "$(TARGET_NAME)";
				SWIFT_VERSION = 5.0;
				TARGETED_DEVICE_FAMILY = "1,2";
				TEST_TARGET_NAME = Standalone3;
			};
			name = Release;
		};
/* End XCBuildConfiguration section */

/* Begin XCConfigurationList section */
		2D6AA7FA2410022200107797 /* Build configuration list for PBXProject "Standalone3" */ = {
			isa = XCConfigurationList;
			buildConfigurations = (
				2D6AA8272410022800107797 /* Debug */,
				2D6AA8282410022800107797 /* Release */,
			);
			defaultConfigurationIsVisible = 0;
			defaultConfigurationName = Release;
		};
		2D6AA8292410022800107797 /* Build configuration list for PBXNativeTarget "Standalone3" */ = {
			isa = XCConfigurationList;
			buildConfigurations = (
				2D6AA82A2410022800107797 /* Debug */,
				2D6AA82B2410022800107797 /* Release */,
			);
			defaultConfigurationIsVisible = 0;
			defaultConfigurationName = Release;
		};
		2D6AA82C2410022800107797 /* Build configuration list for PBXNativeTarget "Standalone3Tests" */ = {
			isa = XCConfigurationList;
			buildConfigurations = (
				2D6AA82D2410022800107797 /* Debug */,
				2D6AA82E2410022800107797 /* Release */,
			);
			defaultConfigurationIsVisible = 0;
			defaultConfigurationName = Release;
		};
		2D6AA82F2410022800107797 /* Build configuration list for PBXNativeTarget "Standalone3UITests" */ = {
			isa = XCConfigurationList;
			buildConfigurations = (
				2D6AA8302410022800107797 /* Debug */,
				2D6AA8312410022800107797 /* Release */,
			);
			defaultConfigurationIsVisible = 0;
			defaultConfigurationName = Release;
		};
/* End XCConfigurationList section */
	};
	rootObject = 2D6AA7F72410022200107797 /* Project object */;
}
